
Microsoft Visual Studio Solution File, Format Version 12.00
# Visual Studio Version 17
VisualStudioVersion = 17.14.36908.2 d17.14
MinimumVisualStudioVersion = 10.0.40219.1
Project("{FAE04EC0-301F-11D3-BF4B-00C04F79EFBC}") = "InspectionService", "InspectionService.csproj", "{D3C3D08D-F706-4FEE-B445-AF2B77DA74E7}"
EndProject
Global
	GlobalSection(SolutionConfigurationPlatforms) = preSolution
		Debug|Any CPU = Debug|Any CPU
		Release|Any CPU = Release|Any CPU
	EndGlobalSection
	GlobalSection(ProjectConfigurationPlatforms) = postSolution
		{D3C3D08D-F706-4FEE-B445-AF2B77DA74E7}.Debug|Any CPU.ActiveCfg = Debug|Any CPU
		{D3C3D08D-F706-4FEE-B445-AF2B77DA74E7}.Debug|Any CPU.Build.0 = Debug|Any CPU
		{D3C3D08D-F706-4FEE-B445-AF2B77DA74E7}.Release|Any CPU.ActiveCfg = Release|Any CPU
		{D3C3D08D-F706-4FEE-B445-AF2B77DA74E7}.Release|Any CPU.Build.0 = Release|Any CPU
	EndGlobalSection
	GlobalSection(SolutionProperties) = preSolution
		HideSolutionNode = FALSE
	EndGlobalSection
	GlobalSection(ExtensibilityGlobals) = postSolution
		SolutionGuid = {AAB34BBC-4AD6-4CF2-9671-048D9BFC0212}
	EndGlobalSection
EndGlobal
